
Microsoft Visual Studio Solution File, Format Version 12.00
# Visual Studio Version 16
VisualStudioVersion = 16.0.30517.126
MinimumVisualStudioVersion = 10.0.40219.1
Project("{9A19103F-16F7-4668-BE54-9A1E7A4F7556}") = "DeploymentCleanUp", "DeploymentCleanUp\DeploymentCleanUp.csproj", "{7A47921B-5396-4C48-86F7-95A640AECC21}"
EndProject
Project("{FAE04EC0-301F-11D3-BF4B-00C04F79EFBC}") = "DeploymentCleanUp.Tests", "DeploymentCleanUp.Tests\DeploymentCleanUp.Tests.csproj", "{F91C7ECB-D1A6-4541-B386-66B88D6090E3}"
EndProject
Global
	GlobalSection(SolutionConfigurationPlatforms) = preSolution
		Debug|Any CPU = Debug|Any CPU
		Release|Any CPU = Release|Any CPU
	EndGlobalSection
	GlobalSection(ProjectConfigurationPlatforms) = postSolution
		{7A47921B-5396-4C48-86F7-95A640AECC21}.Debug|Any CPU.ActiveCfg = Debug|Any CPU
		{7A47921B-5396-4C48-86F7-95A640AECC21}.Debug|Any CPU.Build.0 = Debug|Any CPU
		{7A47921B-5396-4C48-86F7-95A640AECC21}.Release|Any CPU.ActiveCfg = Release|Any CPU
		{7A47921B-5396-4C48-86F7-95A640AECC21}.Release|Any CPU.Build.0 = Release|Any CPU
		{F91C7ECB-D1A6-4541-B386-66B88D6090E3}.Debug|Any CPU.ActiveCfg = Debug|Any CPU
		{F91C7ECB-D1A6-4541-B386-66B88D6090E3}.Debug|Any CPU.Build.0 = Debug|Any CPU
		{F91C7ECB-D1A6-4541-B386-66B88D6090E3}.Release|Any CPU.ActiveCfg = Release|Any CPU
		{F91C7ECB-D1A6-4541-B386-66B88D6090E3}.Release|Any CPU.Build.0 = Release|Any CPU
	EndGlobalSection
	GlobalSection(SolutionProperties) = preSolution
		HideSolutionNode = FALSE
	EndGlobalSection
	GlobalSection(ExtensibilityGlobals) = postSolution
		SolutionGuid = {68D750C1-806D-4F11-8870-9DA1AC07F545}
	EndGlobalSection
EndGlobal
